
Microsoft Visual Studio Solution File, Format Version 12.00
# Visual Studio Version 17
VisualStudioVersion = 17.9.34723.18
MinimumVisualStudioVersion = 10.0.40219.1
Project("{FAE04EC0-301F-11D3-BF4B-00C04F79EFBC}") = "rendom5", "rendom10\rendom5.csproj", "{625B22DB-5171-4196-A11B-56CE4E0850AD}"
EndProject
Global
	GlobalSection(SolutionConfigurationPlatforms) = preSolution
		Debug|Any CPU = Debug|Any CPU
		Release|Any CPU = Release|Any CPU
	EndGlobalSection
	GlobalSection(ProjectConfigurationPlatforms) = postSolution
		{625B22DB-5171-4196-A11B-56CE4E0850AD}.Debug|Any CPU.ActiveCfg = Debug|Any CPU
		{625B22DB-5171-4196-A11B-56CE4E0850AD}.Debug|Any CPU.Build.0 = Debug|Any CPU
		{625B22DB-5171-4196-A11B-56CE4E0850AD}.Release|Any CPU.ActiveCfg = Release|Any CPU
		{625B22DB-5171-4196-A11B-56CE4E0850AD}.Release|Any CPU.Build.0 = Release|Any CPU
	EndGlobalSection
	GlobalSection(SolutionProperties) = preSolution
		HideSolutionNode = FALSE
	EndGlobalSection
	GlobalSection(ExtensibilityGlobals) = postSolution
		SolutionGuid = {18814D6B-B44F-41EE-B60F-86F3501BB954}
	EndGlobalSection
EndGlobal
